{
    "_readme": [
        "This file locks the dependencies of your project to a known state",
        "Read more about it at https://getcomposer.org/doc/01-basic-usage.md#composer-lock-the-lock-file",
        "This file is @generated automatically"
    ],
    "content-hash": "21a313b6fd5a54332534dc9e4ece96f0",
    "packages": [
        {
            "name": "findologic/libflexport",
            "version": "v1.1.1",
            "source": {
                "type": "git",
                "url": "https://github.com/findologic/libflexport.git",
                "reference": "b0728e25ad60169f81a785ffe50a0aebf0236aac"
            },
            "dist": {
                "type": "zip",
                "url": "https://api.github.com/repos/findologic/libflexport/zipball/b0728e25ad60169f81a785ffe50a0aebf0236aac",
                "reference": "b0728e25ad60169f81a785ffe50a0aebf0236aac",
                "shasum": ""
            },
            "require-dev": {
                "friendsofphp/php-cs-fixer": "v2.8.2",
                "phpunit/phpunit": "~5.7",
                "symfony/console": "v3.2.9"
            },
            "type": "library",
            "autoload": {
                "psr-0": {
                    "FINDOLOGIC\\Export": "src/"
                }
            },
            "notification-url": "https://packagist.org/downloads/",
            "license": [
                "MIT"
            ],
            "authors": [
                {
                    "name": "Chris Ortner",
                    "email": "chris@codexfons.com",
                    "role": "maintainer"
                },
                {
                    "name": "Dominik Brader",
                    "email": "d.brader@findologic.com",
                    "role": "developer"
                },
                {
                    "name": "Markus Machatschek",
                    "email": "mmachatschek@yahoo.com",
                    "role": "maintainer"
                }
            ],
            "description": "FINDOLOGIC export toolkit for XML and CSV data export",
            "homepage": "https://github.com/findologic/libflexport",
            "time": "2018-03-30T14:39:40+00:00"
        }
    ],
    "packages-dev": [],
    "aliases": [],
    "minimum-stability": "stable",
    "stability-flags": [],
    "prefer-stable": false,
    "prefer-lowest": false,
    "platform": {
        "php": ">=5.6.4"
    },
    "platform-dev": []
}
