{
    "_readme": [
        "This file locks the dependencies of your project to a known state",
      "Read more about it at https://getcomposer.org/doc/01-basic-usage.md#installing-dependencies",
        "This file is @generated automatically"
    ],
    "content-hash": "961af80f850519a9f83ee7c0d94b7f24",
    "packages": [
        {
            "name": "findologic/libflexport",
            "version": "v1.2.2",
            "source": {
                "type": "git",
                "url": "https://github.com/findologic/libflexport.git",
                "reference": "f58ac6785f9e46f880f007b9b147a1039da169ec"
            },
            "dist": {
                "type": "zip",
                "url": "https://api.github.com/repos/findologic/libflexport/zipball/f58ac6785f9e46f880f007b9b147a1039da169ec",
                "reference": "f58ac6785f9e46f880f007b9b147a1039da169ec",
                "shasum": ""
            },
            "require-dev": {
                "friendsofphp/php-cs-fixer": "v2.8.2",
                "phpunit/phpunit": "~5.7",
                "symfony/console": "v3.2.9"
            },
            "type": "library",
            "autoload": {
                "psr-0": {
                    "FINDOLOGIC\\Export": "src/"
                }
            },
            "notification-url": "https://packagist.org/downloads/",
            "license": [
                "MIT"
            ],
            "authors": [
                {
                    "name": "Chris Ortner",
                    "email": "chris@codexfons.com",
                    "role": "maintainer"
                },
                {
                    "name": "Dominik Brader",
                    "email": "d.brader@findologic.com",
                    "role": "developer"
                },
                {
                    "name": "Markus Machatschek",
                    "email": "mmachatschek@yahoo.com",
                    "role": "maintainer"
                }
            ],
            "description": "FINDOLOGIC export toolkit for XML and CSV data export",
            "homepage": "https://github.com/findologic/libflexport",
            "time": "2018-06-05T09:03:53+00:00"
        }
    ],
    "packages-dev": [],
    "aliases": [],
    "minimum-stability": "stable",
    "stability-flags": [],
    "prefer-stable": false,
    "prefer-lowest": false,
    "platform": {
        "php": ">=5.6.4"
    },
    "platform-dev": []
}
